Microsoft Visual Studio Solution File, Format Version 12.00
# Visual Studio Version 17
VisualStudioVersion = 17.5.2.0
MinimumVisualStudioVersion = 10.0.40219.1
Project("{2150E333-8FDC-42A3-9474-1A3956D46DE8}") = "lab3", "lab3", "{87B7E9C9-4035-1DCE-E58D-63E422A029CF}"
EndProject
Project("{FAE04EC0-301F-11D3-BF4B-00C04F79EFBC}") = "Csharp", "lab3\Csharp\Csharp.csproj", "{97E9F213-E82D-B42E-AC20-48E6B6F914F7}"
EndProject
Global
	GlobalSection(SolutionConfigurationPlatforms) = preSolution
		Debug|Any CPU = Debug|Any CPU
		Release|Any CPU = Release|Any CPU
	EndGlobalSection
	GlobalSection(ProjectConfigurationPlatforms) = postSolution
		{97E9F213-E82D-B42E-AC20-48E6B6F914F7}.Debug|Any CPU.ActiveCfg = Debug|Any CPU
		{97E9F213-E82D-B42E-AC20-48E6B6F914F7}.Debug|Any CPU.Build.0 = Debug|Any CPU
		{97E9F213-E82D-B42E-AC20-48E6B6F914F7}.Release|Any CPU.ActiveCfg = Release|Any CPU
		{97E9F213-E82D-B42E-AC20-48E6B6F914F7}.Release|Any CPU.Build.0 = Release|Any CPU
	EndGlobalSection
	GlobalSection(SolutionProperties) = preSolution
		HideSolutionNode = FALSE
	EndGlobalSection
	GlobalSection(NestedProjects) = preSolution
		{97E9F213-E82D-B42E-AC20-48E6B6F914F7} = {87B7E9C9-4035-1DCE-E58D-63E422A029CF}
	EndGlobalSection
	GlobalSection(ExtensibilityGlobals) = postSolution
		SolutionGuid = {0209C61C-6167-4090-9D37-A37C67BB7CC7}
	EndGlobalSection
EndGlobal
